<Solution>
  <Folder Name="/src/">
    <Project Path="src/MickyAc.Application/MickyAc.Application.csproj" />
    <Project Path="src/MickyAc.Domain/MickyAc.Domain.csproj" />
    <Project Path="src/MickyAc.Infrastructure/MickyAc.Infrastructure.csproj" />
    <Project Path="src/MickyAc.WPF/MickyAc.WPF.csproj" />
  </Folder>
  <Folder Name="/tests/">
    <Project Path="tests/MickyAc.Tests/MickyAc.Tests.csproj" />
  </Folder>
</Solution>
